
Microsoft Visual Studio Solution File, Format Version 12.00
# Visual Studio 15
VisualStudioVersion = 15.0.28307.902
MinimumVisualStudioVersion = 10.0.40219.1
Project("{FAE04EC0-301F-11D3-BF4B-00C04F79EFBC}") = "DBUnitTest", "DBUnitTest\DBUnitTest.csproj", "{29FF9B71-F572-4560-A025-FB56EC5A15F9}"
EndProject
Global
	GlobalSection(SolutionConfigurationPlatforms) = preSolution
		Debug|Any CPU = Debug|Any CPU
		Release|Any CPU = Release|Any CPU
	EndGlobalSection
	GlobalSection(ProjectConfigurationPlatforms) = postSolution
		{29FF9B71-F572-4560-A025-FB56EC5A15F9}.Debug|Any CPU.ActiveCfg = Debug|Any CPU
		{29FF9B71-F572-4560-A025-FB56EC5A15F9}.Debug|Any CPU.Build.0 = Debug|Any CPU
		{29FF9B71-F572-4560-A025-FB56EC5A15F9}.Release|Any CPU.ActiveCfg = Release|Any CPU
		{29FF9B71-F572-4560-A025-FB56EC5A15F9}.Release|Any CPU.Build.0 = Release|Any CPU
	EndGlobalSection
	GlobalSection(SolutionProperties) = preSolution
		HideSolutionNode = FALSE
	EndGlobalSection
	GlobalSection(ExtensibilityGlobals) = postSolution
		SolutionGuid = {137D52AE-6194-49EA-BB37-9D0D51D76DE2}
	EndGlobalSection
EndGlobal
